
Microsoft Visual Studio Solution File, Format Version 12.00
# Visual Studio Version 17
VisualStudioVersion = 17.14.36414.22 d17.14
MinimumVisualStudioVersion = 10.0.40219.1
Project("{FAE04EC0-301F-11D3-BF4B-00C04F79EFBC}") = "API_Gateway", "..\API_Gateway\API_Gateway\API_Gateway.csproj", "{305A8520-289B-BA78-34C4-8EF07D5F0996}"
EndProject
Project("{FAE04EC0-301F-11D3-BF4B-00C04F79EFBC}") = "ProductsMicroservice", "..\ProductsMicroservice\ProductsMicroservice\ProductsMicroservice.csproj", "{3ABEC592-544D-43D4-E26F-13FA47C945BC}"
EndProject
Project("{FAE04EC0-301F-11D3-BF4B-00C04F79EFBC}") = "OrdersMicroservices", "..\OrdersMicroservices\OrdersMicroservices\OrdersMicroservices.csproj", "{E812D09B-9849-EA6F-58F1-0D32D11CB6ED}"
EndProject
Global
	GlobalSection(SolutionConfigurationPlatforms) = preSolution
		Debug|Any CPU = Debug|Any CPU
		Release|Any CPU = Release|Any CPU
	EndGlobalSection
	GlobalSection(ProjectConfigurationPlatforms) = postSolution
		{305A8520-289B-BA78-34C4-8EF07D5F0996}.Debug|Any CPU.ActiveCfg = Debug|Any CPU
		{305A8520-289B-BA78-34C4-8EF07D5F0996}.Debug|Any CPU.Build.0 = Debug|Any CPU
		{305A8520-289B-BA78-34C4-8EF07D5F0996}.Release|Any CPU.ActiveCfg = Release|Any CPU
		{305A8520-289B-BA78-34C4-8EF07D5F0996}.Release|Any CPU.Build.0 = Release|Any CPU
		{3ABEC592-544D-43D4-E26F-13FA47C945BC}.Debug|Any CPU.ActiveCfg = Debug|Any CPU
		{3ABEC592-544D-43D4-E26F-13FA47C945BC}.Debug|Any CPU.Build.0 = Debug|Any CPU
		{3ABEC592-544D-43D4-E26F-13FA47C945BC}.Release|Any CPU.ActiveCfg = Release|Any CPU
		{3ABEC592-544D-43D4-E26F-13FA47C945BC}.Release|Any CPU.Build.0 = Release|Any CPU
		{E812D09B-9849-EA6F-58F1-0D32D11CB6ED}.Debug|Any CPU.ActiveCfg = Debug|Any CPU
		{E812D09B-9849-EA6F-58F1-0D32D11CB6ED}.Debug|Any CPU.Build.0 = Debug|Any CPU
		{E812D09B-9849-EA6F-58F1-0D32D11CB6ED}.Release|Any CPU.ActiveCfg = Release|Any CPU
		{E812D09B-9849-EA6F-58F1-0D32D11CB6ED}.Release|Any CPU.Build.0 = Release|Any CPU
	EndGlobalSection
	GlobalSection(SolutionProperties) = preSolution
		HideSolutionNode = FALSE
	EndGlobalSection
	GlobalSection(ExtensibilityGlobals) = postSolution
		SolutionGuid = {53D035A2-9975-4CF8-AB65-8B9F6E5C61D0}
	EndGlobalSection
EndGlobal
